
Microsoft Visual Studio Solution File, Format Version 12.00
# Visual Studio Version 16
VisualStudioVersion = 16.0.30114.105
MinimumVisualStudioVersion = 10.0.40219.1
Project("{9A19103F-16F7-4668-BE54-9A1E7A4F7556}") = "Notepad.Extensions.Logging", "Notepad.Extensions.Logging\Notepad.Extensions.Logging.csproj", "{859E3EAB-04EB-42EE-86B2-A6FE90D71731}"
EndProject
Project("{9A19103F-16F7-4668-BE54-9A1E7A4F7556}") = "Notepad.Extensions.Logging.FunctionalTest", "Notepad.Extensions.Logging.FunctionalTest\Notepad.Extensions.Logging.FunctionalTest.csproj", "{82E1E9EF-9284-4E7B-B350-0318F9B7B411}"
EndProject
Project("{2150E333-8FDC-42A3-9474-1A3956D46DE8}") = "Solution Items", "Solution Items", "{1B0EB23C-7148-453B-BC03-AD132DF7E13B}"
	ProjectSection(SolutionItems) = preProject
		.editorconfig = .editorconfig
	EndProjectSection
EndProject
Global
	GlobalSection(SolutionConfigurationPlatforms) = preSolution
		Debug|Any CPU = Debug|Any CPU
		Release|Any CPU = Release|Any CPU
	EndGlobalSection
	GlobalSection(ProjectConfigurationPlatforms) = postSolution
		{859E3EAB-04EB-42EE-86B2-A6FE90D71731}.Debug|Any CPU.ActiveCfg = Debug|Any CPU
		{859E3EAB-04EB-42EE-86B2-A6FE90D71731}.Debug|Any CPU.Build.0 = Debug|Any CPU
		{859E3EAB-04EB-42EE-86B2-A6FE90D71731}.Release|Any CPU.ActiveCfg = Release|Any CPU
		{859E3EAB-04EB-42EE-86B2-A6FE90D71731}.Release|Any CPU.Build.0 = Release|Any CPU
		{82E1E9EF-9284-4E7B-B350-0318F9B7B411}.Debug|Any CPU.ActiveCfg = Debug|Any CPU
		{82E1E9EF-9284-4E7B-B350-0318F9B7B411}.Debug|Any CPU.Build.0 = Debug|Any CPU
		{82E1E9EF-9284-4E7B-B350-0318F9B7B411}.Release|Any CPU.ActiveCfg = Release|Any CPU
		{82E1E9EF-9284-4E7B-B350-0318F9B7B411}.Release|Any CPU.Build.0 = Release|Any CPU
	EndGlobalSection
	GlobalSection(SolutionProperties) = preSolution
		HideSolutionNode = FALSE
	EndGlobalSection
	GlobalSection(ExtensibilityGlobals) = postSolution
		SolutionGuid = {4F5721FB-D38E-487C-9851-8A268DE891CC}
	EndGlobalSection
EndGlobal
